
Microsoft Visual Studio Solution File, Format Version 12.00
# Visual Studio 15
VisualStudioVersion = 15.0.27703.2042
MinimumVisualStudioVersion = 10.0.40219.1
Project("{FAE04EC0-301F-11D3-BF4B-00C04F79EFBC}") = "MessagingCenterExploration.Android", "MessagingCenterExploration.Android\MessagingCenterExploration.Android.csproj", "{67A5ADE2-702D-4765-9556-57F1B9700576}"
EndProject
Project("{FAE04EC0-301F-11D3-BF4B-00C04F79EFBC}") = "MessagingCenterExploration.iOS", "MessagingCenterExploration.iOS\MessagingCenterExploration.iOS.csproj", "{AD693002-DC12-4835-89BD-6F09B6D295D2}"
EndProject
Project("{FAE04EC0-301F-11D3-BF4B-00C04F79EFBC}") = "MessagingCenterExploration", "MessagingCenterExploration\MessagingCenterExploration.csproj", "{40B022F2-7852-4D44-B288-477CC706253B}"
EndProject
Global
	GlobalSection(SolutionConfigurationPlatforms) = preSolution
		Ad-Hoc|Any CPU = Ad-Hoc|Any CPU
		Ad-Hoc|iPhone = Ad-Hoc|iPhone
		Ad-Hoc|iPhoneSimulator = Ad-Hoc|iPhoneSimulator
		AppStore|Any CPU = AppStore|Any CPU
		AppStore|iPhone = AppStore|iPhone
		AppStore|iPhoneSimulator = AppStore|iPhoneSimulator
		Debug|Any CPU = Debug|Any CPU
		Debug|iPhone = Debug|iPhone
		Debug|iPhoneSimulator = Debug|iPhoneSimulator
		Release|Any CPU = Release|Any CPU
		Release|iPhone = Release|iPhone
		Release|iPhoneSimulator = Release|iPhoneSimulator
	EndGlobalSection
	GlobalSection(ProjectConfigurationPlatforms) = postSolution
		{67A5ADE2-702D-4765-9556-57F1B9700576}.Ad-Hoc|Any CPU.ActiveCfg = Release|Any CPU
		{67A5ADE2-702D-4765-9556-57F1B9700576}.Ad-Hoc|Any CPU.Build.0 = Release|Any CPU
		{67A5ADE2-702D-4765-9556-57F1B9700576}.Ad-Hoc|Any CPU.Deploy.0 = Release|Any CPU
		{67A5ADE2-702D-4765-9556-57F1B9700576}.Ad-Hoc|iPhone.ActiveCfg = Release|Any CPU
		{67A5ADE2-702D-4765-9556-57F1B9700576}.Ad-Hoc|iPhone.Build.0 = Release|Any CPU
		{67A5ADE2-702D-4765-9556-57F1B9700576}.Ad-Hoc|iPhone.Deploy.0 = Release|Any CPU
		{67A5ADE2-702D-4765-9556-57F1B9700576}.Ad-Hoc|iPhoneSimulator.ActiveCfg = Release|Any CPU
		{67A5ADE2-702D-4765-9556-57F1B9700576}.Ad-Hoc|iPhoneSimulator.Build.0 = Release|Any CPU
		{67A5ADE2-702D-4765-9556-57F1B9700576}.Ad-Hoc|iPhoneSimulator.Deploy.0 = Release|Any CPU
		{67A5ADE2-702D-4765-9556-57F1B9700576}.AppStore|Any CPU.ActiveCfg = Release|Any CPU
		{67A5ADE2-702D-4765-9556-57F1B9700576}.AppStore|Any CPU.Build.0 = Release|Any CPU
		{67A5ADE2-702D-4765-9556-57F1B9700576}.AppStore|Any CPU.Deploy.0 = Release|Any CPU
		{67A5ADE2-702D-4765-9556-57F1B9700576}.AppStore|iPhone.ActiveCfg = Release|Any CPU
		{67A5ADE2-702D-4765-9556-57F1B9700576}.AppStore|iPhone.Build.0 = Release|Any CPU
		{67A5ADE2-702D-4765-9556-57F1B9700576}.AppStore|iPhone.Deploy.0 = Release|Any CPU
		{67A5ADE2-702D-4765-9556-57F1B9700576}.AppStore|iPhoneSimulator.ActiveCfg = Release|Any CPU
		{67A5ADE2-702D-4765-9556-57F1B9700576}.AppStore|iPhoneSimulator.Build.0 = Release|Any CPU
		{67A5ADE2-702D-4765-9556-57F1B9700576}.AppStore|iPhoneSimulator.Deploy.0 = Release|Any CPU
		{67A5ADE2-702D-4765-9556-57F1B9700576}.Debug|Any CPU.ActiveCfg = Debug|Any CPU
		{67A5ADE2-702D-4765-9556-57F1B9700576}.Debug|Any CPU.Build.0 = Debug|Any CPU
		{67A5ADE2-702D-4765-9556-57F1B9700576}.Debug|Any CPU.Deploy.0 = Debug|Any CPU
		{67A5ADE2-702D-4765-9556-57F1B9700576}.Debug|iPhone.ActiveCfg = Debug|Any CPU
		{67A5ADE2-702D-4765-9556-57F1B9700576}.Debug|iPhone.Build.0 = Debug|Any CPU
		{67A5ADE2-702D-4765-9556-57F1B9700576}.Debug|iPhone.Deploy.0 = Debug|Any CPU
		{67A5ADE2-702D-4765-9556-57F1B9700576}.Debug|iPhoneSimulator.ActiveCfg = Debug|Any CPU
		{67A5ADE2-702D-4765-9556-57F1B9700576}.Debug|iPhoneSimulator.Build.0 = Debug|Any CPU
		{67A5ADE2-702D-4765-9556-57F1B9700576}.Debug|iPhoneSimulator.Deploy.0 = Debug|Any CPU
		{67A5ADE2-702D-4765-9556-57F1B9700576}.Release|Any CPU.ActiveCfg = Release|Any CPU
		{67A5ADE2-702D-4765-9556-57F1B9700576}.Release|Any CPU.Build.0 = Release|Any CPU
		{67A5ADE2-702D-4765-9556-57F1B9700576}.Release|Any CPU.Deploy.0 = Release|Any CPU
		{67A5ADE2-702D-4765-9556-57F1B9700576}.Release|iPhone.ActiveCfg = Release|Any CPU
		{67A5ADE2-702D-4765-9556-57F1B9700576}.Release|iPhone.Build.0 = Release|Any CPU
		{67A5ADE2-702D-4765-9556-57F1B9700576}.Release|iPhone.Deploy.0 = Release|Any CPU
		{67A5ADE2-702D-4765-9556-57F1B9700576}.Release|iPhoneSimulator.ActiveCfg = Release|Any CPU
		{67A5ADE2-702D-4765-9556-57F1B9700576}.Release|iPhoneSimulator.Build.0 = Release|Any CPU
		{67A5ADE2-702D-4765-9556-57F1B9700576}.Release|iPhoneSimulator.Deploy.0 = Release|Any CPU
		{AD693002-DC12-4835-89BD-6F09B6D295D2}.Ad-Hoc|Any CPU.ActiveCfg = Ad-Hoc|iPhone
		{AD693002-DC12-4835-89BD-6F09B6D295D2}.Ad-Hoc|Any CPU.Build.0 = Ad-Hoc|iPhone
		{AD693002-DC12-4835-89BD-6F09B6D295D2}.Ad-Hoc|Any CPU.Deploy.0 = Ad-Hoc|iPhone
		{AD693002-DC12-4835-89BD-6F09B6D295D2}.Ad-Hoc|iPhone.ActiveCfg = Ad-Hoc|iPhone
		{AD693002-DC12-4835-89BD-6F09B6D295D2}.Ad-Hoc|iPhone.Build.0 = Ad-Hoc|iPhone
		{AD693002-DC12-4835-89BD-6F09B6D295D2}.Ad-Hoc|iPhone.Deploy.0 = Ad-Hoc|iPhone
		{AD693002-DC12-4835-89BD-6F09B6D295D2}.Ad-Hoc|iPhoneSimulator.ActiveCfg = Ad-Hoc|iPhoneSimulator
		{AD693002-DC12-4835-89BD-6F09B6D295D2}.Ad-Hoc|iPhoneSimulator.Build.0 = Ad-Hoc|iPhoneSimulator
		{AD693002-DC12-4835-89BD-6F09B6D295D2}.Ad-Hoc|iPhoneSimulator.Deploy.0 = Ad-Hoc|iPhoneSimulator
		{AD693002-DC12-4835-89BD-6F09B6D295D2}.AppStore|Any CPU.ActiveCfg = AppStore|iPhone
		{AD693002-DC12-4835-89BD-6F09B6D295D2}.AppStore|Any CPU.Build.0 = AppStore|iPhone
		{AD693002-DC12-4835-89BD-6F09B6D295D2}.AppStore|Any CPU.Deploy.0 = AppStore|iPhone
		{AD693002-DC12-4835-89BD-6F09B6D295D2}.AppStore|iPhone.ActiveCfg = AppStore|iPhone
		{AD693002-DC12-4835-89BD-6F09B6D295D2}.AppStore|iPhone.Build.0 = AppStore|iPhone
		{AD693002-DC12-4835-89BD-6F09B6D295D2}.AppStore|iPhone.Deploy.0 = AppStore|iPhone
		{AD693002-DC12-4835-89BD-6F09B6D295D2}.AppStore|iPhoneSimulator.ActiveCfg = AppStore|iPhoneSimulator
		{AD693002-DC12-4835-89BD-6F09B6D295D2}.AppStore|iPhoneSimulator.Build.0 = AppStore|iPhoneSimulator
		{AD693002-DC12-4835-89BD-6F09B6D295D2}.AppStore|iPhoneSimulator.Deploy.0 = AppStore|iPhoneSimulator
		{AD693002-DC12-4835-89BD-6F09B6D295D2}.Debug|Any CPU.ActiveCfg = Debug|iPhoneSimulator
		{AD693002-DC12-4835-89BD-6F09B6D295D2}.Debug|Any CPU.Build.0 = Debug|iPhoneSimulator
		{AD693002-DC12-4835-89BD-6F09B6D295D2}.Debug|Any CPU.Deploy.0 = Debug|iPhoneSimulator
		{AD693002-DC12-4835-89BD-6F09B6D295D2}.Debug|iPhone.ActiveCfg = Debug|iPhone
		{AD693002-DC12-4835-89BD-6F09B6D295D2}.Debug|iPhone.Build.0 = Debug|iPhone
		{AD693002-DC12-4835-89BD-6F09B6D295D2}.Debug|iPhone.Deploy.0 = Debug|iPhone
		{AD693002-DC12-4835-89BD-6F09B6D295D2}.Debug|iPhoneSimulator.ActiveCfg = Debug|iPhoneSimulator
		{AD693002-DC12-4835-89BD-6F09B6D295D2}.Debug|iPhoneSimulator.Build.0 = Debug|iPhoneSimulator
		{AD693002-DC12-4835-89BD-6F09B6D295D2}.Debug|iPhoneSimulator.Deploy.0 = Debug|iPhoneSimulator
		{AD693002-DC12-4835-89BD-6F09B6D295D2}.Release|Any CPU.ActiveCfg = Release|iPhone
		{AD693002-DC12-4835-89BD-6F09B6D295D2}.Release|Any CPU.Build.0 = Release|iPhone
		{AD693002-DC12-4835-89BD-6F09B6D295D2}.Release|Any CPU.Deploy.0 = Release|iPhone
		{AD693002-DC12-4835-89BD-6F09B6D295D2}.Release|iPhone.ActiveCfg = Release|iPhone
		{AD693002-DC12-4835-89BD-6F09B6D295D2}.Release|iPhone.Build.0 = Release|iPhone
		{AD693002-DC12-4835-89BD-6F09B6D295D2}.Release|iPhone.Deploy.0 = Release|iPhone
		{AD693002-DC12-4835-89BD-6F09B6D295D2}.Release|iPhoneSimulator.ActiveCfg = Release|iPhoneSimulator
		{AD693002-DC12-4835-89BD-6F09B6D295D2}.Release|iPhoneSimulator.Build.0 = Release|iPhoneSimulator
		{AD693002-DC12-4835-89BD-6F09B6D295D2}.Release|iPhoneSimulator.Deploy.0 = Release|iPhoneSimulator
		{40B022F2-7852-4D44-B288-477CC706253B}.Ad-Hoc|Any CPU.ActiveCfg = Debug|Any CPU
		{40B022F2-7852-4D44-B288-477CC706253B}.Ad-Hoc|Any CPU.Build.0 = Debug|Any CPU
		{40B022F2-7852-4D44-B288-477CC706253B}.Ad-Hoc|Any CPU.Deploy.0 = Debug|Any CPU
		{40B022F2-7852-4D44-B288-477CC706253B}.Ad-Hoc|iPhone.ActiveCfg = Debug|Any CPU
		{40B022F2-7852-4D44-B288-477CC706253B}.Ad-Hoc|iPhone.Build.0 = Debug|Any CPU
		{40B022F2-7852-4D44-B288-477CC706253B}.Ad-Hoc|iPhone.Deploy.0 = Debug|Any CPU
		{40B022F2-7852-4D44-B288-477CC706253B}.Ad-Hoc|iPhoneSimulator.ActiveCfg = Debug|Any CPU
		{40B022F2-7852-4D44-B288-477CC706253B}.Ad-Hoc|iPhoneSimulator.Build.0 = Debug|Any CPU
		{40B022F2-7852-4D44-B288-477CC706253B}.Ad-Hoc|iPhoneSimulator.Deploy.0 = Debug|Any CPU
		{40B022F2-7852-4D44-B288-477CC706253B}.AppStore|Any CPU.ActiveCfg = Debug|Any CPU
		{40B022F2-7852-4D44-B288-477CC706253B}.AppStore|Any CPU.Build.0 = Debug|Any CPU
		{40B022F2-7852-4D44-B288-477CC706253B}.AppStore|Any CPU.Deploy.0 = Debug|Any CPU
		{40B022F2-7852-4D44-B288-477CC706253B}.AppStore|iPhone.ActiveCfg = Debug|Any CPU
		{40B022F2-7852-4D44-B288-477CC706253B}.AppStore|iPhone.Build.0 = Debug|Any CPU
		{40B022F2-7852-4D44-B288-477CC706253B}.AppStore|iPhone.Deploy.0 = Debug|Any CPU
		{40B022F2-7852-4D44-B288-477CC706253B}.AppStore|iPhoneSimulator.ActiveCfg = Debug|Any CPU
		{40B022F2-7852-4D44-B288-477CC706253B}.AppStore|iPhoneSimulator.Build.0 = Debug|Any CPU
		{40B022F2-7852-4D44-B288-477CC706253B}.AppStore|iPhoneSimulator.Deploy.0 = Debug|Any CPU
		{40B022F2-7852-4D44-B288-477CC706253B}.Debug|Any CPU.ActiveCfg = Debug|Any CPU
		{40B022F2-7852-4D44-B288-477CC706253B}.Debug|Any CPU.Build.0 = Debug|Any CPU
		{40B022F2-7852-4D44-B288-477CC706253B}.Debug|Any CPU.Deploy.0 = Debug|Any CPU
		{40B022F2-7852-4D44-B288-477CC706253B}.Debug|iPhone.ActiveCfg = Debug|Any CPU
		{40B022F2-7852-4D44-B288-477CC706253B}.Debug|iPhone.Build.0 = Debug|Any CPU
		{40B022F2-7852-4D44-B288-477CC706253B}.Debug|iPhone.Deploy.0 = Debug|Any CPU
		{40B022F2-7852-4D44-B288-477CC706253B}.Debug|iPhoneSimulator.ActiveCfg = Debug|Any CPU
		{40B022F2-7852-4D44-B288-477CC706253B}.Debug|iPhoneSimulator.Build.0 = Debug|Any CPU
		{40B022F2-7852-4D44-B288-477CC706253B}.Debug|iPhoneSimulator.Deploy.0 = Debug|Any CPU
		{40B022F2-7852-4D44-B288-477CC706253B}.Release|Any CPU.ActiveCfg = Release|Any CPU
		{40B022F2-7852-4D44-B288-477CC706253B}.Release|Any CPU.Build.0 = Release|Any CPU
		{40B022F2-7852-4D44-B288-477CC706253B}.Release|Any CPU.Deploy.0 = Release|Any CPU
		{40B022F2-7852-4D44-B288-477CC706253B}.Release|iPhone.ActiveCfg = Release|Any CPU
		{40B022F2-7852-4D44-B288-477CC706253B}.Release|iPhone.Build.0 = Release|Any CPU
		{40B022F2-7852-4D44-B288-477CC706253B}.Release|iPhone.Deploy.0 = Release|Any CPU
		{40B022F2-7852-4D44-B288-477CC706253B}.Release|iPhoneSimulator.ActiveCfg = Release|Any CPU
		{40B022F2-7852-4D44-B288-477CC706253B}.Release|iPhoneSimulator.Build.0 = Release|Any CPU
		{40B022F2-7852-4D44-B288-477CC706253B}.Release|iPhoneSimulator.Deploy.0 = Release|Any CPU
	EndGlobalSection
	GlobalSection(SolutionProperties) = preSolution
		HideSolutionNode = FALSE
	EndGlobalSection
	GlobalSection(ExtensibilityGlobals) = postSolution
		SolutionGuid = {19A589B9-A0D6-42DB-A82E-8CD4B7DD813B}
	EndGlobalSection
EndGlobal
